{
  "nodes": {
    "adios": {
      "locked": {
        "lastModified": 1769454277,
        "narHash": "sha256-Qkht1VcmVosPbvNWtgRFTGJTK+ES9h3ukctkKxevKuo=",
        "owner": "llakala",
        "repo": "adios",
        "rev": "bd2a40646a6dc8c6a5a1252911b81d700cababf3",
        "type": "github"
      },
      "original": {
        "owner": "llakala",
        "ref": "providers-and-consumers",
        "repo": "adios",
        "type": "github"
      }
    },
    "root": {
      "inputs": {
        "adios": "adios"
      }
    }
  },
  "root": "root",
  "version": 7
}
