{
  "nodes": {
    "adios": {
      "locked": {
        "lastModified": 1769580330,
        "narHash": "sha256-rKcmnyW1Wd3MLpVg8+afu2m8SL+CnCiqNNYmZHgqsXo=",
        "owner": "llakala",
        "repo": "adios",
        "rev": "afc20fccb37766259908482bfd59139b2ad6828e",
        "type": "github"
      },
      "original": {
        "owner": "llakala",
        "ref": "providers-and-consumers",
        "repo": "adios",
        "type": "github"
      }
    },
    "root": {
      "inputs": {
        "adios": "adios"
      }
    }
  },
  "root": "root",
  "version": 7
}
