{
  "nodes": {
    "adios": {
      "locked": {
        "lastModified": 1774374108,
        "narHash": "sha256-utd+rlP+gEdX4H72PFn1mzpsJoIb0J4IPi9hlB4FIwo=",
        "owner": "llakala",
        "repo": "adios",
        "rev": "401189e0c00f9789896cfa507016c2bc4a8b302c",
        "type": "github"
      },
      "original": {
        "owner": "llakala",
        "ref": "verify-assertions",
        "repo": "adios",
        "type": "github"
      }
    },
    "root": {
      "inputs": {
        "adios": "adios"
      }
    }
  },
  "root": "root",
  "version": 7
}
